Microsoft Visual Studio Solution File, Format Version 12.00
# Visual Studio Version 17
Project("{9A19103F-16F7-4668-BE54-9A1E7A4F7556}") = "RoyalNewsDesk.Core", "src\RoyalNewsDesk.Core\RoyalNewsDesk.Core.csproj", "{3F8A2B10-6C4E-4D2A-9B5F-0C1D2E3F4A01}"
EndProject
Project("{9A19103F-16F7-4668-BE54-9A1E7A4F7556}") = "RoyalNewsDesk.App", "src\RoyalNewsDesk.App\RoyalNewsDesk.App.csproj", "{3F8A2B10-6C4E-4D2A-9B5F-0C1D2E3F4A02}"
EndProject
Project("{9A19103F-16F7-4668-BE54-9A1E7A4F7556}") = "RoyalNewsDesk.Core.Tests", "tests\RoyalNewsDesk.Core.Tests\RoyalNewsDesk.Core.Tests.csproj", "{3F8A2B10-6C4E-4D2A-9B5F-0C1D2E3F4A03}"
EndProject
Global
	GlobalSection(SolutionConfigurationPlatforms) = preSolution
		Debug|Any CPU = Debug|Any CPU
		Release|Any CPU = Release|Any CPU
	EndGlobalSection
	GlobalSection(ProjectConfigurationPlatforms) = postSolution
		{3F8A2B10-6C4E-4D2A-9B5F-0C1D2E3F4A01}.Debug|Any CPU.ActiveCfg = Debug|Any CPU
		{3F8A2B10-6C4E-4D2A-9B5F-0C1D2E3F4A01}.Debug|Any CPU.Build.0 = Debug|Any CPU
		{3F8A2B10-6C4E-4D2A-9B5F-0C1D2E3F4A01}.Release|Any CPU.ActiveCfg = Release|Any CPU
		{3F8A2B10-6C4E-4D2A-9B5F-0C1D2E3F4A01}.Release|Any CPU.Build.0 = Release|Any CPU
		{3F8A2B10-6C4E-4D2A-9B5F-0C1D2E3F4A02}.Debug|Any CPU.ActiveCfg = Debug|Any CPU
		{3F8A2B10-6C4E-4D2A-9B5F-0C1D2E3F4A02}.Debug|Any CPU.Build.0 = Debug|Any CPU
		{3F8A2B10-6C4E-4D2A-9B5F-0C1D2E3F4A02}.Release|Any CPU.ActiveCfg = Release|Any CPU
		{3F8A2B10-6C4E-4D2A-9B5F-0C1D2E3F4A02}.Release|Any CPU.Build.0 = Release|Any CPU
		{3F8A2B10-6C4E-4D2A-9B5F-0C1D2E3F4A03}.Debug|Any CPU.ActiveCfg = Debug|Any CPU
		{3F8A2B10-6C4E-4D2A-9B5F-0C1D2E3F4A03}.Debug|Any CPU.Build.0 = Debug|Any CPU
		{3F8A2B10-6C4E-4D2A-9B5F-0C1D2E3F4A03}.Release|Any CPU.ActiveCfg = Release|Any CPU
		{3F8A2B10-6C4E-4D2A-9B5F-0C1D2E3F4A03}.Release|Any CPU.Build.0 = Release|Any CPU
	EndGlobalSection
	GlobalSection(SolutionProperties) = preSolution
		HideSolutionNode = FALSE
	EndGlobalSection
EndGlobal
